// !$*UTF8*$!
{
	archiveVersion = 1;
	classes = {
	};
	objectVersion = 46;
	objects = {

/* Begin PBXBuildFile section */
		989677311E71618D000AA2C8 /* AppDelegate.swift in Sources */ = {isa = PBXBuildFile; fileRef = 989677301E71618D000AA2C8 /* AppDelegate.swift */; };
		989677331E71618D000AA2C8 /* ViewController.swift in Sources */ = {isa = PBXBuildFile; fileRef = 989677321E71618D000AA2C8 /* ViewController.swift */; };
		989677361E71618D000AA2C8 /* Main.storyboard in Resources */ = {isa = PBXBuildFile; fileRef = 989677341E71618D000AA2C8 /* Main.storyboard */; };
		989677381E71618D000AA2C8 /* Assets.xcassets in Resources */ = {isa = PBXBuildFile; fileRef = 989677371E71618D000AA2C8 /* Assets.xcassets */; };
		9896773B1E71618D000AA2C8 /* LaunchScreen.storyboard in Resources */ = {isa = PBXBuildFile; fileRef = 989677391E71618D000AA2C8 /* LaunchScreen.storyboard */; };
		989677461E71618E000AA2C8 /* CatTrackerTests.swift in Sources */ = {isa = PBXBuildFile; fileRef = 989677451E71618E000AA2C8 /* CatTrackerTests.swift */; };
/* End PBXBuildFile section */

/* Begin PBXContainerItemProxy section */
		989677421E71618E000AA2C8 /* PBXContainerItemProxy */ = {
			isa = PBXContainerItemProxy;
			containerPortal = 989677251E71618D000AA2C8 /* Project object */;
			proxyType = 1;
			remoteGlobalIDString = 9896772C1E71618D000AA2C8;
			remoteInfo = CatTracker;
		};
/* End PBXContainerItemProxy section */

/* Begin PBXFileReference section */
		9896772D1E71618D000AA2C8 /* CatTracker.app */ = {isa = PBXFileReference; explicitFileType = wrapper.application; includeInIndex = 0; path = CatTracker.app; sourceTree = BUILT_PRODUCTS_DIR; };
		989677301E71618D000AA2C8 /* AppDelegate.swift */ = {isa = PBXFileReference; lastKnownFileType = sourcecode.swift; path = AppDelegate.swift; sourceTree = "<group>"; };
		989677321E71618D000AA2C8 /* ViewController.swift */ = {isa = PBXFileReference; lastKnownFileType = sourcecode.swift; path = ViewController.swift; sourceTree = "<group>"; };
		989677351E71618D000AA2C8 /* Base */ = {isa = PBXFileReference; lastKnownFileType = file.storyboard; name = Base; path = Base.lproj/Main.storyboard; sourceTree = "<group>"; };
		989677371E71618D000AA2C8 /* Assets.xcassets */ = {isa = PBXFileReference; lastKnownFileType = folder.assetcatalog; path = Assets.xcassets; sourceTree = "<group>"; };
		9896773A1E71618D000AA2C8 /* Base */ = {isa = PBXFileReference; lastKnownFileType = file.storyboard; name = Base; path = Base.lproj/LaunchScreen.storyboard; sourceTree = "<group>"; };
		9896773C1E71618D000AA2C8 /* Info.plist */ = {isa = PBXFileReference; lastKnownFileType = text.plist.xml; path = Info.plist; sourceTree = "<group>"; };
		989677411E71618E000AA2C8 /* CatTrackerTests.xctest */ = {isa = PBXFileReference; explicitFileType = wrapper.cfbundle; includeInIndex = 0; path = CatTrackerTests.xctest; sourceTree = BUILT_PRODUCTS_DIR; };
		989677451E71618E000AA2C8 /* CatTrackerTests.swift */ = {isa = PBXFileReference; lastKnownFileType = sourcecode.swift; path = CatTrackerTests.swift; sourceTree = "<group>"; };
		989677471E71618E000AA2C8 /* Info.plist */ = {isa = PBXFileReference; lastKnownFileType = text.plist.xml; path = Info.plist; sourceTree = "<group>"; };
/* End PBXFileReference section */

/* Begin PBXFrameworksBuildPhase section */
		9896772A1E71618D000AA2C8 /* Frameworks */ = {
			isa = PBXFrameworksBuildPhase;
			buildActionMask = 2147483647;
			files = (
			);
			runOnlyForDeploymentPostprocessing = 0;
		};
		9896773E1E71618E000AA2C8 /* Frameworks */ = {
			isa = PBXFrameworksBuildPhase;
			buildActionMask = 2147483647;
			files = (
			);
			runOnlyForDeploymentPostprocessing = 0;
		};
/* End PBXFrameworksBuildPhase section */

/* Begin PBXGroup section */
		989677241E71618D000AA2C8 = {
			isa = PBXGroup;
			children = (
				9896772F1E71618D000AA2C8 /* CatTracker */,
				989677441E71618E000AA2C8 /* CatTrackerTests */,
				9896772E1E71618D000AA2C8 /* Products */,
			);
			sourceTree = "<group>";
		};
		9896772E1E71618D000AA2C8 /* Products */ = {
			isa = PBXGroup;
			children = (
				9896772D1E71618D000AA2C8 /* CatTracker.app */,
				989677411E71618E000AA2C8 /* CatTrackerTests.xctest */,
			);
			name = Products;
			sourceTree = "<group>";
		};
		9896772F1E71618D000AA2C8 /* CatTracker */ = {
			isa = PBXGroup;
			children = (
				989677301E71618D000AA2C8 /* AppDelegate.swift */,
				989677321E71618D000AA2C8 /* ViewController.swift */,
				989677341E71618D000AA2C8 /* Main.storyboard */,
				989677371E71618D000AA2C8 /* Assets.xcassets */,
				989677391E71618D000AA2C8 /* LaunchScreen.storyboard */,
				9896773C1E71618D000AA2C8 /* Info.plist */,
			);
			path = CatTracker;
			sourceTree = "<group>";
		};
		989677441E71618E000AA2C8 /* CatTrackerTests */ = {
			isa = PBXGroup;
			children = (
				989677451E71618E000AA2C8 /* CatTrackerTests.swift */,
				989677471E71618E000AA2C8 /* Info.plist */,
			);
			path = CatTrackerTests;
			sourceTree = "<group>";
		};
/* End PBXGroup section */

/* Begin PBXNativeTarget section */
		9896772C1E71618D000AA2C8 /* CatTracker */ = {
			isa = PBXNativeTarget;
			buildConfigurationList = 9896774A1E71618E000AA2C8 /* Build configuration list for PBXNativeTarget "CatTracker" */;
			buildPhases = (
				989677291E71618D000AA2C8 /* Sources */,
				9896772A1E71618D000AA2C8 /* Frameworks */,
				9896772B1E71618D000AA2C8 /* Resources */,
			);
			buildRules = (
			);
			dependencies = (
			);
			name = CatTracker;
			productName = CatTracker;
			productReference = 9896772D1E71618D000AA2C8 /* CatTracker.app */;
			productType = "com.apple.product-type.application";
		};
		989677401E71618E000AA2C8 /* CatTrackerTests */ = {
			isa = PBXNativeTarget;
			buildConfigurationList = 9896774D1E71618E000AA2C8 /* Build configuration list for PBXNativeTarget "CatTrackerTests" */;
			buildPhases = (
				9896773D1E71618E000AA2C8 /* Sources */,
				9896773E1E71618E000AA2C8 /* Frameworks */,
				9896773F1E71618E000AA2C8 /* Resources */,
			);
			buildRules = (
			);
			dependencies = (
				989677431E71618E000AA2C8 /* PBXTargetDependency */,
			);
			name = CatTrackerTests;
			productName = CatTrackerTests;
			productReference = 989677411E71618E000AA2C8 /* CatTrackerTests.xctest */;
			productType = "com.apple.product-type.bundle.unit-test";
		};
/* End PBXNativeTarget section */

/* Begin PBXProject section */
		989677251E71618D000AA2C8 /* Project object */ = {
			isa = PBXProject;
			attributes = {
				LastSwiftUpdateCheck = 0800;
				LastUpgradeCheck = 0800;
				ORGANIZATIONNAME = "LING Leong";
				TargetAttributes = {
					9896772C1E71618D000AA2C8 = {
						CreatedOnToolsVersion = 8.0;
						ProvisioningStyle = Automatic;
					};
					989677401E71618E000AA2C8 = {
						CreatedOnToolsVersion = 8.0;
						ProvisioningStyle = Automatic;
						TestTargetID = 9896772C1E71618D000AA2C8;
					};
				};
			};
			buildConfigurationList = 989677281E71618D000AA2C8 /* Build configuration list for PBXProject "CatTracker" */;
			compatibilityVersion = "Xcode 3.2";
			developmentRegion = English;
			hasScannedForEncodings = 0;
			knownRegions = (
				en,
				Base,
			);
			mainGroup = 989677241E71618D000AA2C8;
			productRefGroup = 9896772E1E71618D000AA2C8 /* Products */;
			projectDirPath = "";
			projectRoot = "";
			targets = (
				9896772C1E71618D000AA2C8 /* CatTracker */,
				989677401E71618E000AA2C8 /* CatTrackerTests */,
			);
		};
/* End PBXProject section */

/* Begin PBXResourcesBuildPhase section */
		9896772B1E71618D000AA2C8 /* Resources */ = {
			isa = PBXResourcesBuildPhase;
			buildActionMask = 2147483647;
			files = (
				9896773B1E71618D000AA2C8 /* LaunchScreen.storyboard in Resources */,
				989677381E71618D000AA2C8 /* Assets.xcassets in Resources */,
				989677361E71618D000AA2C8 /* Main.storyboard in Resources */,
			);
			runOnlyForDeploymentPostprocessing = 0;
		};
		9896773F1E71618E000AA2C8 /* Resources */ = {
			isa = PBXResourcesBuildPhase;
			buildActionMask = 2147483647;
			files = (
			);
			runOnlyForDeploymentPostprocessing = 0;
		};
/* End PBXResourcesBuildPhase section */

/* Begin PBXSourcesBuildPhase section */
		989677291E71618D000AA2C8 /* Sources */ = {
			isa = PBXSourcesBuildPhase;
			buildActionMask = 2147483647;
			files = (
				989677331E71618D000AA2C8 /* ViewController.swift in Sources */,
				989677311E71618D000AA2C8 /* AppDelegate.swift in Sources */,
			);
			runOnlyForDeploymentPostprocessing = 0;
		};
		9896773D1E71618E000AA2C8 /* Sources */ = {
			isa = PBXSourcesBuildPhase;
			buildActionMask = 2147483647;
			files = (
				989677461E71618E000AA2C8 /* CatTrackerTests.swift in Sources */,
			);
			runOnlyForDeploymentPostprocessing = 0;
		};
/* End PBXSourcesBuildPhase section */

/* Begin PBXTargetDependency section */
		989677431E71618E000AA2C8 /* PBXTargetDependency */ = {
			isa = PBXTargetDependency;
			target = 9896772C1E71618D000AA2C8 /* CatTracker */;
			targetProxy = 989677421E71618E000AA2C8 /* PBXContainerItemProxy */;
		};
/* End PBXTargetDependency section */

/* Begin PBXVariantGroup section */
		989677341E71618D000AA2C8 /* Main.storyboard */ = {
			isa = PBXVariantGroup;
			children = (
				989677351E71618D000AA2C8 /* Base */,
			);
			name = Main.storyboard;
			sourceTree = "<group>";
		};
		989677391E71618D000AA2C8 /* LaunchScreen.storyboard */ = {
			isa = PBXVariantGroup;
			children = (
				9896773A1E71618D000AA2C8 /* Base */,
			);
			name = LaunchScreen.storyboard;
			sourceTree = "<group>";
		};
/* End PBXVariantGroup section */

/* Begin XCBuildConfiguration section */
		989677481E71618E000AA2C8 /* Debug */ = {
			isa = XCBuildConfiguration;
			buildSettings = {
				ALWAYS_SEARCH_USER_PATHS = NO;
				CLANG_ANALYZER_NONNULL = YES;
				CLANG_CXX_LANGUAGE_STANDARD = "gnu++0x";
				CLANG_CXX_LIBRARY = "libc++";
				CLANG_ENABLE_MODULES = YES;
				CLANG_ENABLE_OBJC_ARC = YES;
				CLANG_WARN_BOOL_CONVERSION = YES;
				CLANG_WARN_CONSTANT_CONVERSION = YES;
				CLANG_WARN_DIRECT_OBJC_ISA_USAGE = YES_ERROR;
				CLANG_WARN_DOCUMENTATION_COMMENTS = YES;
				CLANG_WARN_EMPTY_BODY = YES;
				CLANG_WARN_ENUM_CONVERSION = YES;
				CLANG_WARN_INFINITE_RECURSION = YES;
				CLANG_WARN_INT_CONVERSION = YES;
				CLANG_WARN_OBJC_ROOT_CLASS = YES_ERROR;
				CLANG_WARN_SUSPICIOUS_MOVES = YES;
				CLANG_WARN_UNREACHABLE_CODE = YES;
				CLANG_WARN__DUPLICATE_METHOD_MATCH = YES;
				"CODE_SIGN_IDENTITY[sdk=iphoneos*]" = "iPhone Developer";
				COPY_PHASE_STRIP = NO;
				DEBUG_INFORMATION_FORMAT = dwarf;
				ENABLE_STRICT_OBJC_MSGSEND = YES;
				ENABLE_TESTABILITY = YES;
				GCC_C_LANGUAGE_STANDARD = gnu99;
				GCC_DYNAMIC_NO_PIC = NO;
				GCC_NO_COMMON_BLOCKS = YES;
				GCC_OPTIMIZATION_LEVEL = 0;
				GCC_PREPROCESSOR_DEFINITIONS = (
					"DEBUG=1",
					"$(inherited)",
				);
				GCC_WARN_64_TO_32_BIT_CONVERSION = YES;
				GCC_WARN_ABOUT_RETURN_TYPE = YES_ERROR;
				GCC_WARN_UNDECLARED_SELECTOR = YES;
				GCC_WARN_UNINITIALIZED_AUTOS = YES_AGGRESSIVE;
				GCC_WARN_UNUSED_FUNCTION = YES;
				GCC_WARN_UNUSED_VARIABLE = YES;
				IPHONEOS_DEPLOYMENT_TARGET = 10.0;
				MTL_ENABLE_DEBUG_INFO = YES;
				ONLY_ACTIVE_ARCH = YES;
				SDKROOT = iphoneos;
				SWIFT_ACTIVE_COMPILATION_CONDITIONS = DEBUG;
				SWIFT_OPTIMIZATION_LEVEL = "-Onone";
				TARGETED_DEVICE_FAMILY = "1,2";
			};
			name = Debug;
		};
		989677491E71618E000AA2C8 /* Release */ = {
			isa = XCBuildConfiguration;
			buildSettings = {
				ALWAYS_SEARCH_USER_PATHS = NO;
				CLANG_ANALYZER_NONNULL = YES;
				CLANG_CXX_LANGUAGE_STANDARD = "gnu++0x";
				CLANG_CXX_LIBRARY = "libc++";
				CLANG_ENABLE_MODULES = YES;
				CLANG_ENABLE_OBJC_ARC = YES;
				CLANG_WARN_BOOL_CONVERSION = YES;
				CLANG_WARN_CONSTANT_CONVERSION = YES;
				CLANG_WARN_DIRECT_OBJC_ISA_USAGE = YES_ERROR;
				CLANG_WARN_DOCUMENTATION_COMMENTS = YES;
				CLANG_WARN_EMPTY_BODY = YES;
				CLANG_WARN_ENUM_CONVERSION = YES;
				CLANG_WARN_INFINITE_RECURSION = YES;
				CLANG_WARN_INT_CONVERSION = YES;
				CLANG_WARN_OBJC_ROOT_CLASS = YES_ERROR;
				CLANG_WARN_SUSPICIOUS_MOVES = YES;
				CLANG_WARN_UNREACHABLE_CODE = YES;
				CLANG_WARN__DUPLICATE_METHOD_MATCH = YES;
				"CODE_SIGN_IDENTITY[sdk=iphoneos*]" = "iPhone Developer";
				COPY_PHASE_STRIP = NO;
				DEBUG_INFORMATION_FORMAT = "dwarf-with-dsym";
				ENABLE_NS_ASSERTIONS = NO;
				ENABLE_STRICT_OBJC_MSGSEND = YES;
				GCC_C_LANGUAGE_STANDARD = gnu99;
				GCC_NO_COMMON_BLOCKS = YES;
				GCC_WARN_64_TO_32_BIT_CONVERSION = YES;
				GCC_WARN_ABOUT_RETURN_TYPE = YES_ERROR;
				GCC_WARN_UNDECLARED_SELECTOR = YES;
				GCC_WARN_UNINITIALIZED_AUTOS = YES_AGGRESSIVE;
				GCC_WARN_UNUSED_FUNCTION = YES;
				GCC_WARN_UNUSED_VARIABLE = YES;
				IPHONEOS_DEPLOYMENT_TARGET = 10.0;
				MTL_ENABLE_DEBUG_INFO = NO;
				SDKROOT = iphoneos;
				SWIFT_OPTIMIZATION_LEVEL = "-Owholemodule";
				TARGETED_DEVICE_FAMILY = "1,2";
				VALIDATE_PRODUCT = YES;
			};
			name = Release;
		};
		9896774B1E71618E000AA2C8 /* Debug */ = {
			isa = XCBuildConfiguration;
			buildSettings = {
				ASSETCATALOG_COMPILER_APPICON_NAME = AppIcon;
				INFOPLIST_FILE = CatTracker/Info.plist;
				LD_RUNPATH_SEARCH_PATHS = "$(inherited) @executable_path/Frameworks";
				PRODUCT_BUNDLE_IDENTIFIER = com.energy0124.CatTracker;
				PRODUCT_NAME = "$(TARGET_NAME)";
				SWIFT_VERSION = 3.0;
			};
			name = Debug;
		};
		9896774C1E71618E000AA2C8 /* Release */ = {
			isa = XCBuildConfiguration;
			buildSettings = {
				ASSETCATALOG_COMPILER_APPICON_NAME = AppIcon;
				INFOPLIST_FILE = CatTracker/Info.plist;
				LD_RUNPATH_SEARCH_PATHS = "$(inherited) @executable_path/Frameworks";
				PRODUCT_BUNDLE_IDENTIFIER = com.energy0124.CatTracker;
				PRODUCT_NAME = "$(TARGET_NAME)";
				SWIFT_VERSION = 3.0;
			};
			name = Release;
		};
		9896774E1E71618E000AA2C8 /* Debug */ = {
			isa = XCBuildConfiguration;
			buildSettings = {
				ALWAYS_EMBED_SWIFT_STANDARD_LIBRARIES = YES;
				BUNDLE_LOADER = "$(TEST_HOST)";
				INFOPLIST_FILE = CatTrackerTests/Info.plist;
				LD_RUNPATH_SEARCH_PATHS = "$(inherited) @executable_path/Frameworks @loader_path/Frameworks";
				PRODUCT_BUNDLE_IDENTIFIER = com.energy0124.CatTrackerTests;
				PRODUCT_NAME = "$(TARGET_NAME)";
				SWIFT_VERSION = 3.0;
				TEST_HOST = "$(BUILT_PRODUCTS_DIR)/CatTracker.app/CatTracker";
			};
			name = Debug;
		};
		9896774F1E71618E000AA2C8 /* Release */ = {
			isa = XCBuildConfiguration;
			buildSettings = {
				ALWAYS_EMBED_SWIFT_STANDARD_LIBRARIES = YES;
				BUNDLE_LOADER = "$(TEST_HOST)";
				INFOPLIST_FILE = CatTrackerTests/Info.plist;
				LD_RUNPATH_SEARCH_PATHS = "$(inherited) @executable_path/Frameworks @loader_path/Frameworks";
				PRODUCT_BUNDLE_IDENTIFIER = com.energy0124.CatTrackerTests;
				PRODUCT_NAME = "$(TARGET_NAME)";
				SWIFT_VERSION = 3.0;
				TEST_HOST = "$(BUILT_PRODUCTS_DIR)/CatTracker.app/CatTracker";
			};
			name = Release;
		};
/* End XCBuildConfiguration section */

/* Begin XCConfigurationList section */
		989677281E71618D000AA2C8 /* Build configuration list for PBXProject "CatTracker" */ = {
			isa = XCConfigurationList;
			buildConfigurations = (
				989677481E71618E000AA2C8 /* Debug */,
				989677491E71618E000AA2C8 /* Release */,
			);
			defaultConfigurationIsVisible = 0;
			defaultConfigurationName = Release;
		};
		9896774A1E71618E000AA2C8 /* Build configuration list for PBXNativeTarget "CatTracker" */ = {
			isa = XCConfigurationList;
			buildConfigurations = (
				9896774B1E71618E000AA2C8 /* Debug */,
				9896774C1E71618E000AA2C8 /* Release */,
			);
			defaultConfigurationIsVisible = 0;
		};
		9896774D1E71618E000AA2C8 /* Build configuration list for PBXNativeTarget "CatTrackerTests" */ = {
			isa = XCConfigurationList;
			buildConfigurations = (
				9896774E1E71618E000AA2C8 /* Debug */,
				9896774F1E71618E000AA2C8 /* Release */,
			);
			defaultConfigurationIsVisible = 0;
		};
/* End XCConfigurationList section */
	};
	rootObject = 989677251E71618D000AA2C8 /* Project object */;
}
